
Microsoft Visual Studio Solution File, Format Version 12.00
# Visual Studio 2012
# Ranorex Studio 10.1.0
VisualStudioVersion = 12.0.20827.3
MinimumVisualStudioVersion = 10.0.40219.1
Project("{FAE04EC0-301F-11D3-BF4B-00C04F79EFBC}") = "FCGA Project Suite", "FCGA Project Suite.csproj", "{7FE7AB79-E677-4150-8D36-4D44BA0C686A}"
EndProject
Project("{FAE04EC0-301F-11D3-BF4B-00C04F79EFBC}") = "Ranorex Automation Helpers", "RanorexAutomationHelpers\Ranorex Automation Helpers.csproj", "{8B43733C-8160-4272-9EA2-DF7AC0647A42}"
EndProject
Global
	GlobalSection(SolutionConfigurationPlatforms) = preSolution
		Debug|x86 = Debug|x86
		Release|x86 = Release|x86
	EndGlobalSection
	GlobalSection(ProjectConfigurationPlatforms) = postSolution
		{7FE7AB79-E677-4150-8D36-4D44BA0C686A}.Debug|x86.Build.0 = Debug|x86
		{7FE7AB79-E677-4150-8D36-4D44BA0C686A}.Debug|x86.ActiveCfg = Debug|x86
		{7FE7AB79-E677-4150-8D36-4D44BA0C686A}.Release|x86.Build.0 = Release|x86
		{7FE7AB79-E677-4150-8D36-4D44BA0C686A}.Release|x86.ActiveCfg = Release|x86
		{8B43733C-8160-4272-9EA2-DF7AC0647A42}.Debug|x86.Build.0 = Debug|x86
		{8B43733C-8160-4272-9EA2-DF7AC0647A42}.Debug|x86.ActiveCfg = Debug|x86
		{8B43733C-8160-4272-9EA2-DF7AC0647A42}.Release|x86.Build.0 = Release|x86
		{8B43733C-8160-4272-9EA2-DF7AC0647A42}.Release|x86.ActiveCfg = Release|x86
	EndGlobalSection
EndGlobal
